
Microsoft Visual Studio Solution File, Format Version 12.00
# Visual Studio Version 17
VisualStudioVersion = 17.2.32526.322
MinimumVisualStudioVersion = 10.0.40219.1
Project("{9A19103F-16F7-4668-BE54-9A1E7A4F7556}") = "ConversorMoedas_cs", "ConversorMoedas_cs.csproj", "{65057CB7-F7BC-4B6C-97A1-8185FADABD0C}"
EndProject
Global
	GlobalSection(SolutionConfigurationPlatforms) = preSolution
		Debug|Any CPU = Debug|Any CPU
		Release|Any CPU = Release|Any CPU
	EndGlobalSection
	GlobalSection(ProjectConfigurationPlatforms) = postSolution
		{65057CB7-F7BC-4B6C-97A1-8185FADABD0C}.Debug|Any CPU.ActiveCfg = Debug|Any CPU
		{65057CB7-F7BC-4B6C-97A1-8185FADABD0C}.Debug|Any CPU.Build.0 = Debug|Any CPU
		{65057CB7-F7BC-4B6C-97A1-8185FADABD0C}.Release|Any CPU.ActiveCfg = Release|Any CPU
		{65057CB7-F7BC-4B6C-97A1-8185FADABD0C}.Release|Any CPU.Build.0 = Release|Any CPU
	EndGlobalSection
	GlobalSection(SolutionProperties) = preSolution
		HideSolutionNode = FALSE
	EndGlobalSection
	GlobalSection(ExtensibilityGlobals) = postSolution
		SolutionGuid = {8DD837C1-BBEC-40F3-AA59-DF91364729B3}
	EndGlobalSection
EndGlobal
