
Microsoft Visual Studio Solution File, Format Version 12.00
# Visual Studio Version 17
VisualStudioVersion = 17.2.32526.322
MinimumVisualStudioVersion = 10.0.40219.1
Project("{9A19103F-16F7-4668-BE54-9A1E7A4F7556}") = "MediaNotasAluno_cs", "MediaNotasAluno_cs.csproj", "{614CCA26-C938-4B84-A081-9D431C68831A}"
EndProject
Global
	GlobalSection(SolutionConfigurationPlatforms) = preSolution
		Debug|Any CPU = Debug|Any CPU
		Release|Any CPU = Release|Any CPU
	EndGlobalSection
	GlobalSection(ProjectConfigurationPlatforms) = postSolution
		{614CCA26-C938-4B84-A081-9D431C68831A}.Debug|Any CPU.ActiveCfg = Debug|Any CPU
		{614CCA26-C938-4B84-A081-9D431C68831A}.Debug|Any CPU.Build.0 = Debug|Any CPU
		{614CCA26-C938-4B84-A081-9D431C68831A}.Release|Any CPU.ActiveCfg = Release|Any CPU
		{614CCA26-C938-4B84-A081-9D431C68831A}.Release|Any CPU.Build.0 = Release|Any CPU
	EndGlobalSection
	GlobalSection(SolutionProperties) = preSolution
		HideSolutionNode = FALSE
	EndGlobalSection
	GlobalSection(ExtensibilityGlobals) = postSolution
		SolutionGuid = {10DFBF96-695D-41CA-81EF-B27830A854FE}
	EndGlobalSection
EndGlobal
