
Microsoft Visual Studio Solution File, Format Version 12.00
# Visual Studio Version 17
VisualStudioVersion = 17.2.32526.322
MinimumVisualStudioVersion = 10.0.40219.1
Project("{9A19103F-16F7-4668-BE54-9A1E7A4F7556}") = "StaticoCircunfVolumPI3_cs", "StaticoCircunfVolumPI3_cs.csproj", "{776270A0-34EE-42C8-96CA-B4E9AC9D679A}"
EndProject
Global
	GlobalSection(SolutionConfigurationPlatforms) = preSolution
		Debug|Any CPU = Debug|Any CPU
		Release|Any CPU = Release|Any CPU
	EndGlobalSection
	GlobalSection(ProjectConfigurationPlatforms) = postSolution
		{776270A0-34EE-42C8-96CA-B4E9AC9D679A}.Debug|Any CPU.ActiveCfg = Debug|Any CPU
		{776270A0-34EE-42C8-96CA-B4E9AC9D679A}.Debug|Any CPU.Build.0 = Debug|Any CPU
		{776270A0-34EE-42C8-96CA-B4E9AC9D679A}.Release|Any CPU.ActiveCfg = Release|Any CPU
		{776270A0-34EE-42C8-96CA-B4E9AC9D679A}.Release|Any CPU.Build.0 = Release|Any CPU
	EndGlobalSection
	GlobalSection(SolutionProperties) = preSolution
		HideSolutionNode = FALSE
	EndGlobalSection
	GlobalSection(ExtensibilityGlobals) = postSolution
		SolutionGuid = {EEE73CF7-DF82-4AD3-99B7-D6E8658E2D9C}
	EndGlobalSection
EndGlobal
