
Microsoft Visual Studio Solution File, Format Version 12.00
# Visual Studio Version 17
VisualStudioVersion = 17.2.32519.379
MinimumVisualStudioVersion = 10.0.40219.1
Project("{9A19103F-16F7-4668-BE54-9A1E7A4F7556}") = "Cronometro", "Cronometro.csproj", "{F895A211-9D8A-4378-A3E1-A0A47FFB86C7}"
EndProject
Global
	GlobalSection(SolutionConfigurationPlatforms) = preSolution
		Debug|Any CPU = Debug|Any CPU
		Release|Any CPU = Release|Any CPU
	EndGlobalSection
	GlobalSection(ProjectConfigurationPlatforms) = postSolution
		{F895A211-9D8A-4378-A3E1-A0A47FFB86C7}.Debug|Any CPU.ActiveCfg = Debug|Any CPU
		{F895A211-9D8A-4378-A3E1-A0A47FFB86C7}.Debug|Any CPU.Build.0 = Debug|Any CPU
		{F895A211-9D8A-4378-A3E1-A0A47FFB86C7}.Release|Any CPU.ActiveCfg = Release|Any CPU
		{F895A211-9D8A-4378-A3E1-A0A47FFB86C7}.Release|Any CPU.Build.0 = Release|Any CPU
	EndGlobalSection
	GlobalSection(SolutionProperties) = preSolution
		HideSolutionNode = FALSE
	EndGlobalSection
	GlobalSection(ExtensibilityGlobals) = postSolution
		SolutionGuid = {EC45F5BE-26ED-417D-A91F-8137E2BAAEA9}
	EndGlobalSection
EndGlobal
