
Microsoft Visual Studio Solution File, Format Version 12.00
# Visual Studio Version 17
VisualStudioVersion = 17.2.32526.322
MinimumVisualStudioVersion = 10.0.40219.1
Project("{9A19103F-16F7-4668-BE54-9A1E7A4F7556}") = "Retangulo_cs", "Retangulo_cs.csproj", "{32A66860-C4CE-4204-B95E-22CCD9771FF7}"
EndProject
Global
	GlobalSection(SolutionConfigurationPlatforms) = preSolution
		Debug|Any CPU = Debug|Any CPU
		Release|Any CPU = Release|Any CPU
	EndGlobalSection
	GlobalSection(ProjectConfigurationPlatforms) = postSolution
		{32A66860-C4CE-4204-B95E-22CCD9771FF7}.Debug|Any CPU.ActiveCfg = Debug|Any CPU
		{32A66860-C4CE-4204-B95E-22CCD9771FF7}.Debug|Any CPU.Build.0 = Debug|Any CPU
		{32A66860-C4CE-4204-B95E-22CCD9771FF7}.Release|Any CPU.ActiveCfg = Release|Any CPU
		{32A66860-C4CE-4204-B95E-22CCD9771FF7}.Release|Any CPU.Build.0 = Release|Any CPU
	EndGlobalSection
	GlobalSection(SolutionProperties) = preSolution
		HideSolutionNode = FALSE
	EndGlobalSection
	GlobalSection(ExtensibilityGlobals) = postSolution
		SolutionGuid = {741C93A5-C2FE-4DCD-8049-2879E1EA2292}
	EndGlobalSection
EndGlobal
