
Microsoft Visual Studio Solution File, Format Version 12.00
# Visual Studio Version 17
VisualStudioVersion = 17.2.32516.85
MinimumVisualStudioVersion = 10.0.40219.1
Project("{9A19103F-16F7-4668-BE54-9A1E7A4F7556}") = "Triangulo_cs", "Triangulo_cs.csproj", "{1A8DD7D9-150F-48E8-BADA-B0EBC0FFE681}"
EndProject
Project("{9A19103F-16F7-4668-BE54-9A1E7A4F7556}") = "Pessoa.cs", "..\Pessoa.cs\Pessoa.cs.csproj", "{E487E144-BAE4-4711-81E0-032F61B2AA6C}"
EndProject
Project("{9A19103F-16F7-4668-BE54-9A1E7A4F7556}") = "Funcionario_cs", "..\Funcionario_cs\Funcionario_cs.csproj", "{BC60E6AD-675E-4253-8B3A-7879022C06C7}"
EndProject
Project("{9A19103F-16F7-4668-BE54-9A1E7A4F7556}") = "Refatorando Triangulo_cs", "..\Refatorando Triangulo_cs\Refatorando Triangulo_cs.csproj", "{D2D7656B-C77B-4A7E-B1B5-6600900F1105}"
EndProject
Project("{9A19103F-16F7-4668-BE54-9A1E7A4F7556}") = "Produto Estoque_cs", "..\Produto Estoque_cs\Produto Estoque_cs.csproj", "{64495E24-1630-4B51-B012-A617598B1217}"
EndProject
Project("{9A19103F-16F7-4668-BE54-9A1E7A4F7556}") = "Retangulo_cs", "..\Retangulo_cs\Retangulo_cs.csproj", "{52700F90-7BE4-463D-A870-9C1560B34F49}"
EndProject
Project("{9A19103F-16F7-4668-BE54-9A1E7A4F7556}") = "SalarioBrutoImposto_cs", "..\SalarioBrutoImposto_cs\SalarioBrutoImposto_cs.csproj", "{72B28DCC-F129-44BB-BDAA-5D723C6316B0}"
EndProject
Project("{9A19103F-16F7-4668-BE54-9A1E7A4F7556}") = "MediaNotasAluno_cs", "..\MediaNotasAluno_cs\MediaNotasAluno_cs.csproj", "{8A656B0F-5899-4703-8D1B-B146B56EAD7E}"
EndProject
Project("{9A19103F-16F7-4668-BE54-9A1E7A4F7556}") = "StaticoCircunfVolumPI1_cs", "..\StaticoCircunfVolumPI_cs\StaticoCircunfVolumPI1_cs.csproj", "{D37BB9DD-B915-43EC-942B-155613768D66}"
EndProject
Project("{9A19103F-16F7-4668-BE54-9A1E7A4F7556}") = "StaticoCircunfVolumPI2_cs", "..\StaticoCircunfVolumPI2_cs\StaticoCircunfVolumPI2_cs.csproj", "{0742FC6E-07EC-440A-85F6-1917EB30ABE4}"
EndProject
Project("{9A19103F-16F7-4668-BE54-9A1E7A4F7556}") = "StaticoCircunfVolumPI3_cs", "..\StaticoCircunfVolumPI3_cs\StaticoCircunfVolumPI3_cs.csproj", "{6DA4756A-F120-4A28-9462-63525CA4EF09}"
EndProject
Project("{9A19103F-16F7-4668-BE54-9A1E7A4F7556}") = "ConversorMoedas_cs", "..\ConversorMoedas_cs\ConversorMoedas_cs.csproj", "{66B56427-9D7C-4941-8035-202603A3FB9E}"
EndProject
Project("{FAE04EC0-301F-11D3-BF4B-00C04F79EFBC}") = "RefatProdEstoque_Construtor.cs", "..\RefatProdEstoque_Construtor.cs\RefatProdEstoque_Construtor.cs.csproj", "{93375CE1-21B3-478A-BBC7-E076B698E3E7}"
EndProject
Global
	GlobalSection(SolutionConfigurationPlatforms) = preSolution
		Debug|Any CPU = Debug|Any CPU
		Release|Any CPU = Release|Any CPU
	EndGlobalSection
	GlobalSection(ProjectConfigurationPlatforms) = postSolution
		{1A8DD7D9-150F-48E8-BADA-B0EBC0FFE681}.Debug|Any CPU.ActiveCfg = Debug|Any CPU
		{1A8DD7D9-150F-48E8-BADA-B0EBC0FFE681}.Debug|Any CPU.Build.0 = Debug|Any CPU
		{1A8DD7D9-150F-48E8-BADA-B0EBC0FFE681}.Release|Any CPU.ActiveCfg = Release|Any CPU
		{1A8DD7D9-150F-48E8-BADA-B0EBC0FFE681}.Release|Any CPU.Build.0 = Release|Any CPU
		{E487E144-BAE4-4711-81E0-032F61B2AA6C}.Debug|Any CPU.ActiveCfg = Debug|Any CPU
		{E487E144-BAE4-4711-81E0-032F61B2AA6C}.Debug|Any CPU.Build.0 = Debug|Any CPU
		{E487E144-BAE4-4711-81E0-032F61B2AA6C}.Release|Any CPU.ActiveCfg = Release|Any CPU
		{E487E144-BAE4-4711-81E0-032F61B2AA6C}.Release|Any CPU.Build.0 = Release|Any CPU
		{BC60E6AD-675E-4253-8B3A-7879022C06C7}.Debug|Any CPU.ActiveCfg = Debug|Any CPU
		{BC60E6AD-675E-4253-8B3A-7879022C06C7}.Debug|Any CPU.Build.0 = Debug|Any CPU
		{BC60E6AD-675E-4253-8B3A-7879022C06C7}.Release|Any CPU.ActiveCfg = Release|Any CPU
		{BC60E6AD-675E-4253-8B3A-7879022C06C7}.Release|Any CPU.Build.0 = Release|Any CPU
		{D2D7656B-C77B-4A7E-B1B5-6600900F1105}.Debug|Any CPU.ActiveCfg = Debug|Any CPU
		{D2D7656B-C77B-4A7E-B1B5-6600900F1105}.Debug|Any CPU.Build.0 = Debug|Any CPU
		{D2D7656B-C77B-4A7E-B1B5-6600900F1105}.Release|Any CPU.ActiveCfg = Release|Any CPU
		{D2D7656B-C77B-4A7E-B1B5-6600900F1105}.Release|Any CPU.Build.0 = Release|Any CPU
		{64495E24-1630-4B51-B012-A617598B1217}.Debug|Any CPU.ActiveCfg = Debug|Any CPU
		{64495E24-1630-4B51-B012-A617598B1217}.Debug|Any CPU.Build.0 = Debug|Any CPU
		{64495E24-1630-4B51-B012-A617598B1217}.Release|Any CPU.ActiveCfg = Release|Any CPU
		{64495E24-1630-4B51-B012-A617598B1217}.Release|Any CPU.Build.0 = Release|Any CPU
		{52700F90-7BE4-463D-A870-9C1560B34F49}.Debug|Any CPU.ActiveCfg = Debug|Any CPU
		{52700F90-7BE4-463D-A870-9C1560B34F49}.Debug|Any CPU.Build.0 = Debug|Any CPU
		{52700F90-7BE4-463D-A870-9C1560B34F49}.Release|Any CPU.ActiveCfg = Release|Any CPU
		{52700F90-7BE4-463D-A870-9C1560B34F49}.Release|Any CPU.Build.0 = Release|Any CPU
		{72B28DCC-F129-44BB-BDAA-5D723C6316B0}.Debug|Any CPU.ActiveCfg = Debug|Any CPU
		{72B28DCC-F129-44BB-BDAA-5D723C6316B0}.Debug|Any CPU.Build.0 = Debug|Any CPU
		{72B28DCC-F129-44BB-BDAA-5D723C6316B0}.Release|Any CPU.ActiveCfg = Release|Any CPU
		{72B28DCC-F129-44BB-BDAA-5D723C6316B0}.Release|Any CPU.Build.0 = Release|Any CPU
		{8A656B0F-5899-4703-8D1B-B146B56EAD7E}.Debug|Any CPU.ActiveCfg = Debug|Any CPU
		{8A656B0F-5899-4703-8D1B-B146B56EAD7E}.Debug|Any CPU.Build.0 = Debug|Any CPU
		{8A656B0F-5899-4703-8D1B-B146B56EAD7E}.Release|Any CPU.ActiveCfg = Release|Any CPU
		{8A656B0F-5899-4703-8D1B-B146B56EAD7E}.Release|Any CPU.Build.0 = Release|Any CPU
		{D37BB9DD-B915-43EC-942B-155613768D66}.Debug|Any CPU.ActiveCfg = Debug|Any CPU
		{D37BB9DD-B915-43EC-942B-155613768D66}.Debug|Any CPU.Build.0 = Debug|Any CPU
		{D37BB9DD-B915-43EC-942B-155613768D66}.Release|Any CPU.ActiveCfg = Release|Any CPU
		{D37BB9DD-B915-43EC-942B-155613768D66}.Release|Any CPU.Build.0 = Release|Any CPU
		{0742FC6E-07EC-440A-85F6-1917EB30ABE4}.Debug|Any CPU.ActiveCfg = Debug|Any CPU
		{0742FC6E-07EC-440A-85F6-1917EB30ABE4}.Debug|Any CPU.Build.0 = Debug|Any CPU
		{0742FC6E-07EC-440A-85F6-1917EB30ABE4}.Release|Any CPU.ActiveCfg = Release|Any CPU
		{0742FC6E-07EC-440A-85F6-1917EB30ABE4}.Release|Any CPU.Build.0 = Release|Any CPU
		{6DA4756A-F120-4A28-9462-63525CA4EF09}.Debug|Any CPU.ActiveCfg = Debug|Any CPU
		{6DA4756A-F120-4A28-9462-63525CA4EF09}.Debug|Any CPU.Build.0 = Debug|Any CPU
		{6DA4756A-F120-4A28-9462-63525CA4EF09}.Release|Any CPU.ActiveCfg = Release|Any CPU
		{6DA4756A-F120-4A28-9462-63525CA4EF09}.Release|Any CPU.Build.0 = Release|Any CPU
		{66B56427-9D7C-4941-8035-202603A3FB9E}.Debug|Any CPU.ActiveCfg = Debug|Any CPU
		{66B56427-9D7C-4941-8035-202603A3FB9E}.Debug|Any CPU.Build.0 = Debug|Any CPU
		{66B56427-9D7C-4941-8035-202603A3FB9E}.Release|Any CPU.ActiveCfg = Release|Any CPU
		{66B56427-9D7C-4941-8035-202603A3FB9E}.Release|Any CPU.Build.0 = Release|Any CPU
		{93375CE1-21B3-478A-BBC7-E076B698E3E7}.Debug|Any CPU.ActiveCfg = Debug|Any CPU
		{93375CE1-21B3-478A-BBC7-E076B698E3E7}.Debug|Any CPU.Build.0 = Debug|Any CPU
		{93375CE1-21B3-478A-BBC7-E076B698E3E7}.Release|Any CPU.ActiveCfg = Release|Any CPU
		{93375CE1-21B3-478A-BBC7-E076B698E3E7}.Release|Any CPU.Build.0 = Release|Any CPU
	EndGlobalSection
	GlobalSection(SolutionProperties) = preSolution
		HideSolutionNode = FALSE
	EndGlobalSection
	GlobalSection(ExtensibilityGlobals) = postSolution
		SolutionGuid = {62F64C99-C055-4DD2-8631-902A3F9BA519}
	EndGlobalSection
EndGlobal
